
Microsoft Visual Studio Solution File, Format Version 12.00
# Visual Studio Version 17
VisualStudioVersion = 17.1.32210.238
MinimumVisualStudioVersion = 10.0.40219.1
Project("{FAE04EC0-301F-11D3-BF4B-00C04F79EFBC}") = "CourseWorkStringFormat", "CourseWorkStringFormat\CourseWorkStringFormat.csproj", "{FEDDA1FD-51FC-4289-AA1F-5B8A41366B53}"
EndProject
Global
	GlobalSection(SolutionConfigurationPlatforms) = preSolution
		Debug|Any CPU = Debug|Any CPU
		Release|Any CPU = Release|Any CPU
	EndGlobalSection
	GlobalSection(ProjectConfigurationPlatforms) = postSolution
		{FEDDA1FD-51FC-4289-AA1F-5B8A41366B53}.Debug|Any CPU.ActiveCfg = Debug|Any CPU
		{FEDDA1FD-51FC-4289-AA1F-5B8A41366B53}.Debug|Any CPU.Build.0 = Debug|Any CPU
		{FEDDA1FD-51FC-4289-AA1F-5B8A41366B53}.Release|Any CPU.ActiveCfg = Release|Any CPU
		{FEDDA1FD-51FC-4289-AA1F-5B8A41366B53}.Release|Any CPU.Build.0 = Release|Any CPU
	EndGlobalSection
	GlobalSection(SolutionProperties) = preSolution
		HideSolutionNode = FALSE
	EndGlobalSection
	GlobalSection(ExtensibilityGlobals) = postSolution
		SolutionGuid = {5DFD85FF-3231-48F9-8B97-5BF2D467A164}
	EndGlobalSection
EndGlobal
